{
    "_readme": [
        "This file locks the dependencies of your project to a known state",
        "Read more about it at https://getcomposer.org/doc/01-basic-usage.md#composer-lock-the-lock-file",
        "This file is @generated automatically"
    ],
    "hash": "ef2af8e73719e7d44b07403a16441c37",
    "content-hash": "eb407eddbd319c3bb8247c0984ece99a",
    "packages": [
        {
            "name": "bramus/router",
            "version": "1.0",
            "source": {
                "type": "git",
                "url": "https://github.com/bramus/router.git",
                "reference": "e4a588b333a539f7321cd7bbfba9bdf181209d4c"
            },
            "dist": {
                "type": "zip",
                "url": "https://api.github.com/repos/bramus/router/zipball/e4a588b333a539f7321cd7bbfba9bdf181209d4c",
                "reference": "e4a588b333a539f7321cd7bbfba9bdf181209d4c",
                "shasum": ""
            },
            "require": {
                "php": ">=5.3.0"
            },
            "require-dev": {
                "phpunit/php-code-coverage": "1.3.*@dev",
                "phpunit/phpunit": "3.7.x"
            },
            "type": "library",
            "autoload": {
                "psr-0": {
                    "Bramus": "src/"
                }
            },
            "notification-url": "https://packagist.org/downloads/",
            "license": [
                "MIT"
            ],
            "authors": [
                {
                    "name": "Bram(us) Van Damme",
                    "email": "bramus@bram.us",
                    "homepage": "http://www.bram.us"
                }
            ],
            "description": "A lightweight and simple object oriented PHP Router",
            "homepage": "https://github.com/bramus/router",
            "keywords": [
                "router",
                "routing"
            ],
            "time": "2015-02-04 12:43:17"
        },
        {
            "name": "doctrine/annotations",
            "version": "dev-master",
            "source": {
                "type": "git",
                "url": "https://github.com/doctrine/annotations.git",
                "reference": "f25c8aab83e0c3e976fd7d19875f198ccf2f7535"
            },
            "dist": {
                "type": "zip",
                "url": "https://api.github.com/repos/doctrine/annotations/zipball/f25c8aab83e0c3e976fd7d19875f198ccf2f7535",
                "reference": "f25c8aab83e0c3e976fd7d19875f198ccf2f7535",
                "shasum": ""
            },
            "require": {
                "doctrine/lexer": "1.*",
                "php": ">=5.3.2"
            },
            "require-dev": {
                "doctrine/cache": "1.*",
                "phpunit/phpunit": "4.*"
            },
            "type": "library",
            "extra": {
                "branch-alias": {
                    "dev-master": "1.3.x-dev"
                }
            },
            "autoload": {
                "psr-0": {
                    "Doctrine\\Common\\Annotations\\": "lib/"
                }
            },
            "notification-url": "https://packagist.org/downloads/",
            "license": [
                "MIT"
            ],
            "authors": [
                {
                    "name": "Roman Borschel",
                    "email": "roman@code-factory.org"
                },
                {
                    "name": "Benjamin Eberlei",
                    "email": "kontakt@beberlei.de"
                },
                {
                    "name": "Guilherme Blanco",
                    "email": "guilhermeblanco@gmail.com"
                },
                {
                    "name": "Jonathan Wage",
                    "email": "jonwage@gmail.com"
                },
                {
                    "name": "Johannes Schmitt",
                    "email": "schmittjoh@gmail.com"
                }
            ],
            "description": "Docblock Annotations Parser",
            "homepage": "http://www.doctrine-project.org",
            "keywords": [
                "annotations",
                "docblock",
                "parser"
            ],
            "time": "2015-08-31 12:32:49"
        },
        {
            "name": "doctrine/cache",
            "version": "dev-master",
            "source": {
                "type": "git",
                "url": "https://github.com/doctrine/cache.git",
                "reference": "e0ef9e9833ca024d251e77e8d82a00ca92b0aa71"
            },
            "dist": {
                "type": "zip",
                "url": "https://api.github.com/repos/doctrine/cache/zipball/e0ef9e9833ca024d251e77e8d82a00ca92b0aa71",
                "reference": "e0ef9e9833ca024d251e77e8d82a00ca92b0aa71",
                "shasum": ""
            },
            "require": {
                "php": "~5.5|~7.0"
            },
            "conflict": {
                "doctrine/common": ">2.2,<2.4"
            },
            "require-dev": {
                "phpunit/phpunit": "~4.8|~5.0",
                "predis/predis": "~1.0"
            },
            "type": "library",
            "extra": {
                "branch-alias": {
                    "dev-master": "1.7.x-dev"
                }
            },
            "autoload": {
                "psr-4": {
                    "Doctrine\\Common\\Cache\\": "lib/Doctrine/Common/Cache"
                }
            },
            "notification-url": "https://packagist.org/downloads/",
            "license": [
                "MIT"
            ],
            "authors": [
                {
                    "name": "Roman Borschel",
                    "email": "roman@code-factory.org"
                },
                {
                    "name": "Benjamin Eberlei",
                    "email": "kontakt@beberlei.de"
                },
                {
                    "name": "Guilherme Blanco",
                    "email": "guilhermeblanco@gmail.com"
                },
                {
                    "name": "Jonathan Wage",
                    "email": "jonwage@gmail.com"
                },
                {
                    "name": "Johannes Schmitt",
                    "email": "schmittjoh@gmail.com"
                }
            ],
            "description": "Caching library offering an object-oriented API for many cache backends",
            "homepage": "http://www.doctrine-project.org",
            "keywords": [
                "cache",
                "caching"
            ],
            "time": "2016-01-07 23:41:52"
        },
        {
            "name": "doctrine/collections",
            "version": "dev-master",
            "source": {
                "type": "git",
                "url": "https://github.com/doctrine/collections.git",
                "reference": "866e100a425b8b73d15393fd081c6bf067f05bf9"
            },
            "dist": {
                "type": "zip",
                "url": "https://api.github.com/repos/doctrine/collections/zipball/866e100a425b8b73d15393fd081c6bf067f05bf9",
                "reference": "866e100a425b8b73d15393fd081c6bf067f05bf9",
                "shasum": ""
            },
            "require": {
                "php": ">=5.3.2"
            },
            "require-dev": {
                "phpunit/phpunit": "~4.0"
            },
            "type": "library",
            "extra": {
                "branch-alias": {
                    "dev-master": "1.3.x-dev"
                }
            },
            "autoload": {
                "psr-0": {
                    "Doctrine\\Common\\Collections\\": "lib/"
                }
            },
            "notification-url": "https://packagist.org/downloads/",
            "license": [
                "MIT"
            ],
            "authors": [
                {
                    "name": "Roman Borschel",
                    "email": "roman@code-factory.org"
                },
                {
                    "name": "Benjamin Eberlei",
                    "email": "kontakt@beberlei.de"
                },
                {
                    "name": "Guilherme Blanco",
                    "email": "guilhermeblanco@gmail.com"
                },
                {
                    "name": "Jonathan Wage",
                    "email": "jonwage@gmail.com"
                },
                {
                    "name": "Johannes Schmitt",
                    "email": "schmittjoh@gmail.com"
                }
            ],
            "description": "Collections Abstraction library",
            "homepage": "http://www.doctrine-project.org",
            "keywords": [
                "array",
                "collections",
                "iterator"
            ],
            "time": "2015-09-11 15:24:21"
        },
        {
            "name": "doctrine/common",
            "version": "2.6.x-dev",
            "source": {
                "type": "git",
                "url": "https://github.com/doctrine/common.git",
                "reference": "99b55ad9f60d614e7390b99e3d9c2cd029a08a2a"
            },
            "dist": {
                "type": "zip",
                "url": "https://api.github.com/repos/doctrine/common/zipball/99b55ad9f60d614e7390b99e3d9c2cd029a08a2a",
                "reference": "99b55ad9f60d614e7390b99e3d9c2cd029a08a2a",
                "shasum": ""
            },
            "require": {
                "doctrine/annotations": "1.*",
                "doctrine/cache": "1.*",
                "doctrine/collections": "1.*",
                "doctrine/inflector": "1.*",
                "doctrine/lexer": "1.*",
                "php": "~5.5|~7.0"
            },
            "require-dev": {
                "phpunit/phpunit": "~4.8|~5.0"
            },
            "type": "library",
            "extra": {
                "branch-alias": {
                    "dev-master": "2.7.x-dev"
                }
            },
            "autoload": {
                "psr-4": {
                    "Doctrine\\Common\\": "lib/Doctrine/Common"
                }
            },
            "notification-url": "https://packagist.org/downloads/",
            "license": [
                "MIT"
            ],
            "authors": [
                {
                    "name": "Roman Borschel",
                    "email": "roman@code-factory.org"
                },
                {
                    "name": "Benjamin Eberlei",
                    "email": "kontakt@beberlei.de"
                },
                {
                    "name": "Guilherme Blanco",
                    "email": "guilhermeblanco@gmail.com"
                },
                {
                    "name": "Jonathan Wage",
                    "email": "jonwage@gmail.com"
                },
                {
                    "name": "Johannes Schmitt",
                    "email": "schmittjoh@gmail.com"
                }
            ],
            "description": "Common Library for Doctrine projects",
            "homepage": "http://www.doctrine-project.org",
            "keywords": [
                "annotations",
                "collections",
                "eventmanager",
                "persistence",
                "spl"
            ],
            "time": "2015-12-25 13:20:40"
        },
        {
            "name": "doctrine/dbal",
            "version": "2.5.x-dev",
            "source": {
                "type": "git",
                "url": "https://github.com/doctrine/dbal.git",
                "reference": "801943503a9e673450456dd271be6e3d215c0a45"
            },
            "dist": {
                "type": "zip",
                "url": "https://api.github.com/repos/doctrine/dbal/zipball/801943503a9e673450456dd271be6e3d215c0a45",
                "reference": "801943503a9e673450456dd271be6e3d215c0a45",
                "shasum": ""
            },
            "require": {
                "doctrine/common": ">=2.4,<2.7-dev",
                "php": ">=5.3.2"
            },
            "require-dev": {
                "phpunit/phpunit": "4.*",
                "symfony/console": "2.*"
            },
            "suggest": {
                "symfony/console": "For helpful console commands such as SQL execution and import of files."
            },
            "bin": [
                "bin/doctrine-dbal"
            ],
            "type": "library",
            "extra": {
                "branch-alias": {
                    "dev-master": "2.5.x-dev"
                }
            },
            "autoload": {
                "psr-0": {
                    "Doctrine\\DBAL\\": "lib/"
                }
            },
            "notification-url": "https://packagist.org/downloads/",
            "license": [
                "MIT"
            ],
            "authors": [
                {
                    "name": "Roman Borschel",
                    "email": "roman@code-factory.org"
                },
                {
                    "name": "Benjamin Eberlei",
                    "email": "kontakt@beberlei.de"
                },
                {
                    "name": "Guilherme Blanco",
                    "email": "guilhermeblanco@gmail.com"
                },
                {
                    "name": "Jonathan Wage",
                    "email": "jonwage@gmail.com"
                }
            ],
            "description": "Database Abstraction Layer",
            "homepage": "http://www.doctrine-project.org",
            "keywords": [
                "database",
                "dbal",
                "persistence",
                "queryobject"
            ],
            "time": "2016-01-12 14:54:56"
        },
        {
            "name": "doctrine/inflector",
            "version": "dev-master",
            "source": {
                "type": "git",
                "url": "https://github.com/doctrine/inflector.git",
                "reference": "90b2128806bfde671b6952ab8bea493942c1fdae"
            },
            "dist": {
                "type": "zip",
                "url": "https://api.github.com/repos/doctrine/inflector/zipball/90b2128806bfde671b6952ab8bea493942c1fdae",
                "reference": "90b2128806bfde671b6952ab8bea493942c1fdae",
                "shasum": ""
            },
            "require": {
                "php": ">=5.3.2"
            },
            "require-dev": {
                "phpunit/phpunit": "4.*"
            },
            "type": "library",
            "extra": {
                "branch-alias": {
                    "dev-master": "1.1.x-dev"
                }
            },
            "autoload": {
                "psr-0": {
                    "Doctrine\\Common\\Inflector\\": "lib/"
                }
            },
            "notification-url": "https://packagist.org/downloads/",
            "license": [
                "MIT"
            ],
            "authors": [
                {
                    "name": "Roman Borschel",
                    "email": "roman@code-factory.org"
                },
                {
                    "name": "Benjamin Eberlei",
                    "email": "kontakt@beberlei.de"
                },
                {
                    "name": "Guilherme Blanco",
                    "email": "guilhermeblanco@gmail.com"
                },
                {
                    "name": "Jonathan Wage",
                    "email": "jonwage@gmail.com"
                },
                {
                    "name": "Johannes Schmitt",
                    "email": "schmittjoh@gmail.com"
                }
            ],
            "description": "Common String Manipulations with regard to casing and singular/plural rules.",
            "homepage": "http://www.doctrine-project.org",
            "keywords": [
                "inflection",
                "pluralize",
                "singularize",
                "string"
            ],
            "time": "2015-11-06 14:35:42"
        },
        {
            "name": "doctrine/lexer",
            "version": "dev-master",
            "source": {
                "type": "git",
                "url": "https://github.com/doctrine/lexer.git",
                "reference": "83893c552fd2045dd78aef794c31e694c37c0b8c"
            },
            "dist": {
                "type": "zip",
                "url": "https://api.github.com/repos/doctrine/lexer/zipball/83893c552fd2045dd78aef794c31e694c37c0b8c",
                "reference": "83893c552fd2045dd78aef794c31e694c37c0b8c",
                "shasum": ""
            },
            "require": {
                "php": ">=5.3.2"
            },
            "type": "library",
            "extra": {
                "branch-alias": {
                    "dev-master": "1.0.x-dev"
                }
            },
            "autoload": {
                "psr-0": {
                    "Doctrine\\Common\\Lexer\\": "lib/"
                }
            },
            "notification-url": "https://packagist.org/downloads/",
            "license": [
                "MIT"
            ],
            "authors": [
                {
                    "name": "Roman Borschel",
                    "email": "roman@code-factory.org"
                },
                {
                    "name": "Guilherme Blanco",
                    "email": "guilhermeblanco@gmail.com"
                },
                {
                    "name": "Johannes Schmitt",
                    "email": "schmittjoh@gmail.com"
                }
            ],
            "description": "Base library for a lexer that can be used in Top-Down, Recursive Descent Parsers.",
            "homepage": "http://www.doctrine-project.org",
            "keywords": [
                "lexer",
                "parser"
            ],
            "time": "2014-09-09 13:34:57"
        },
        {
            "name": "ircmaxell/password-compat",
            "version": "1.0.x-dev",
            "source": {
                "type": "git",
                "url": "https://github.com/ircmaxell/password_compat.git",
                "reference": "9b99377557a33a4129c9194e60a97a685fab21e0"
            },
            "dist": {
                "type": "zip",
                "url": "https://api.github.com/repos/ircmaxell/password_compat/zipball/9b99377557a33a4129c9194e60a97a685fab21e0",
                "reference": "9b99377557a33a4129c9194e60a97a685fab21e0",
                "shasum": ""
            },
            "require-dev": {
                "phpunit/phpunit": "4.*"
            },
            "type": "library",
            "autoload": {
                "files": [
                    "lib/password.php"
                ]
            },
            "notification-url": "https://packagist.org/downloads/",
            "license": [
                "MIT"
            ],
            "authors": [
                {
                    "name": "Anthony Ferrara",
                    "email": "ircmaxell@php.net",
                    "homepage": "http://blog.ircmaxell.com"
                }
            ],
            "description": "A compatibility library for the proposed simplified password hashing algorithm: https://wiki.php.net/rfc/password_hash",
            "homepage": "https://github.com/ircmaxell/password_compat",
            "keywords": [
                "hashing",
                "password"
            ],
            "time": "2014-11-20 19:18:42"
        },
        {
            "name": "pimple/pimple",
            "version": "dev-master",
            "source": {
                "type": "git",
                "url": "https://github.com/silexphp/Pimple.git",
                "reference": "64e0f8320639b434baa073a40dd1e037e3286555"
            },
            "dist": {
                "type": "zip",
                "url": "https://api.github.com/repos/silexphp/Pimple/zipball/64e0f8320639b434baa073a40dd1e037e3286555",
                "reference": "64e0f8320639b434baa073a40dd1e037e3286555",
                "shasum": ""
            },
            "require": {
                "php": ">=5.3.0"
            },
            "type": "library",
            "extra": {
                "branch-alias": {
                    "dev-master": "3.0.x-dev"
                }
            },
            "autoload": {
                "psr-0": {
                    "Pimple": "src/"
                }
            },
            "notification-url": "https://packagist.org/downloads/",
            "license": [
                "MIT"
            ],
            "authors": [
                {
                    "name": "Fabien Potencier",
                    "email": "fabien@symfony.com"
                }
            ],
            "description": "Pimple, a simple Dependency Injection Container",
            "homepage": "http://pimple.sensiolabs.org",
            "keywords": [
                "container",
                "dependency injection"
            ],
            "time": "2015-09-11 15:11:22"
        },
        {
            "name": "symfony/console",
            "version": "2.8.x-dev",
            "source": {
                "type": "git",
                "url": "https://github.com/symfony/console.git",
                "reference": "700d15cd8cd0f451ddfb17b2a444f75095b33fe0"
            },
            "dist": {
                "type": "zip",
                "url": "https://api.github.com/repos/symfony/console/zipball/700d15cd8cd0f451ddfb17b2a444f75095b33fe0",
                "reference": "700d15cd8cd0f451ddfb17b2a444f75095b33fe0",
                "shasum": ""
            },
            "require": {
                "php": ">=5.3.9",
                "symfony/polyfill-mbstring": "~1.0"
            },
            "require-dev": {
                "psr/log": "~1.0",
                "symfony/event-dispatcher": "~2.1|~3.0.0",
                "symfony/process": "~2.1|~3.0.0"
            },
            "suggest": {
                "psr/log": "For using the console logger",
                "symfony/event-dispatcher": "",
                "symfony/process": ""
            },
            "type": "library",
            "extra": {
                "branch-alias": {
                    "dev-master": "2.8-dev"
                }
            },
            "autoload": {
                "psr-4": {
                    "Symfony\\Component\\Console\\": ""
                },
                "exclude-from-classmap": [
                    "/Tests/"
                ]
            },
            "notification-url": "https://packagist.org/downloads/",
            "license": [
                "MIT"
            ],
            "authors": [
                {
                    "name": "Fabien Potencier",
                    "email": "fabien@symfony.com"
                },
                {
                    "name": "Symfony Community",
                    "homepage": "https://symfony.com/contributors"
                }
            ],
            "description": "Symfony Console Component",
            "homepage": "https://symfony.com",
            "time": "2016-01-21 09:24:53"
        },
        {
            "name": "symfony/filesystem",
            "version": "2.8.x-dev",
            "source": {
                "type": "git",
                "url": "https://github.com/symfony/filesystem.git",
                "reference": "6f97e4907cf03a9dac5475bf3426d5ffbb4069d7"
            },
            "dist": {
                "type": "zip",
                "url": "https://api.github.com/repos/symfony/filesystem/zipball/6f97e4907cf03a9dac5475bf3426d5ffbb4069d7",
                "reference": "6f97e4907cf03a9dac5475bf3426d5ffbb4069d7",
                "shasum": ""
            },
            "require": {
                "php": ">=5.3.9"
            },
            "type": "library",
            "extra": {
                "branch-alias": {
                    "dev-master": "2.8-dev"
                }
            },
            "autoload": {
                "psr-4": {
                    "Symfony\\Component\\Filesystem\\": ""
                },
                "exclude-from-classmap": [
                    "/Tests/"
                ]
            },
            "notification-url": "https://packagist.org/downloads/",
            "license": [
                "MIT"
            ],
            "authors": [
                {
                    "name": "Fabien Potencier",
                    "email": "fabien@symfony.com"
                },
                {
                    "name": "Symfony Community",
                    "homepage": "https://symfony.com/contributors"
                }
            ],
            "description": "Symfony Filesystem Component",
            "homepage": "https://symfony.com",
            "time": "2016-01-21 09:24:53"
        },
        {
            "name": "symfony/finder",
            "version": "2.8.x-dev",
            "source": {
                "type": "git",
                "url": "https://github.com/symfony/finder.git",
                "reference": "bf31f2229c4baf2cae1401d98f918b557ccea592"
            },
            "dist": {
                "type": "zip",
                "url": "https://api.github.com/repos/symfony/finder/zipball/bf31f2229c4baf2cae1401d98f918b557ccea592",
                "reference": "bf31f2229c4baf2cae1401d98f918b557ccea592",
                "shasum": ""
            },
            "require": {
                "php": ">=5.3.9"
            },
            "type": "library",
            "extra": {
                "branch-alias": {
                    "dev-master": "2.8-dev"
                }
            },
            "autoload": {
                "psr-4": {
                    "Symfony\\Component\\Finder\\": ""
                },
                "exclude-from-classmap": [
                    "/Tests/"
                ]
            },
            "notification-url": "https://packagist.org/downloads/",
            "license": [
                "MIT"
            ],
            "authors": [
                {
                    "name": "Fabien Potencier",
                    "email": "fabien@symfony.com"
                },
                {
                    "name": "Symfony Community",
                    "homepage": "https://symfony.com/contributors"
                }
            ],
            "description": "Symfony Finder Component",
            "homepage": "https://symfony.com",
            "time": "2016-01-21 09:05:51"
        },
        {
            "name": "symfony/http-foundation",
            "version": "2.8.x-dev",
            "source": {
                "type": "git",
                "url": "https://github.com/symfony/http-foundation.git",
                "reference": "ffe563af49112864b871711c1da8d9cb2ee4e9cb"
            },
            "dist": {
                "type": "zip",
                "url": "https://api.github.com/repos/symfony/http-foundation/zipball/ffe563af49112864b871711c1da8d9cb2ee4e9cb",
                "reference": "ffe563af49112864b871711c1da8d9cb2ee4e9cb",
                "shasum": ""
            },
            "require": {
                "php": ">=5.3.9",
                "symfony/polyfill-php54": "~1.0",
                "symfony/polyfill-php55": "~1.0"
            },
            "require-dev": {
                "symfony/expression-language": "~2.4|~3.0.0"
            },
            "type": "library",
            "extra": {
                "branch-alias": {
                    "dev-master": "2.8-dev"
                }
            },
            "autoload": {
                "psr-4": {
                    "Symfony\\Component\\HttpFoundation\\": ""
                },
                "exclude-from-classmap": [
                    "/Tests/"
                ]
            },
            "notification-url": "https://packagist.org/downloads/",
            "license": [
                "MIT"
            ],
            "authors": [
                {
                    "name": "Fabien Potencier",
                    "email": "fabien@symfony.com"
                },
                {
                    "name": "Symfony Community",
                    "homepage": "https://symfony.com/contributors"
                }
            ],
            "description": "Symfony HttpFoundation Component",
            "homepage": "https://symfony.com",
            "time": "2016-01-21 09:05:51"
        },
        {
            "name": "symfony/polyfill-mbstring",
            "version": "dev-master",
            "source": {
                "type": "git",
                "url": "https://github.com/symfony/polyfill-mbstring.git",
                "reference": "d7f01c96a4dde264682cf36c28e62086c77a09d4"
            },
            "dist": {
                "type": "zip",
                "url": "https://api.github.com/repos/symfony/polyfill-mbstring/zipball/d7f01c96a4dde264682cf36c28e62086c77a09d4",
                "reference": "d7f01c96a4dde264682cf36c28e62086c77a09d4",
                "shasum": ""
            },
            "require": {
                "php": ">=5.3.3"
            },
            "suggest": {
                "ext-mbstring": "For best performance"
            },
            "type": "library",
            "extra": {
                "branch-alias": {
                    "dev-master": "1.0-dev"
                }
            },
            "autoload": {
                "psr-4": {
                    "Symfony\\Polyfill\\Mbstring\\": ""
                },
                "files": [
                    "bootstrap.php"
                ]
            },
            "notification-url": "https://packagist.org/downloads/",
            "license": [
                "MIT"
            ],
            "authors": [
                {
                    "name": "Nicolas Grekas",
                    "email": "p@tchwork.com"
                },
                {
                    "name": "Symfony Community",
                    "homepage": "https://symfony.com/contributors"
                }
            ],
            "description": "Symfony polyfill for the Mbstring extension",
            "homepage": "https://symfony.com",
            "keywords": [
                "compatibility",
                "mbstring",
                "polyfill",
                "portable",
                "shim"
            ],
            "time": "2016-01-13 07:16:33"
        },
        {
            "name": "symfony/polyfill-php54",
            "version": "dev-master",
            "source": {
                "type": "git",
                "url": "https://github.com/symfony/polyfill-php54.git",
                "reference": "2fc6510fe668493fe6a6ed6c61e03fea88f0ef6b"
            },
            "dist": {
                "type": "zip",
                "url": "https://api.github.com/repos/symfony/polyfill-php54/zipball/2fc6510fe668493fe6a6ed6c61e03fea88f0ef6b",
                "reference": "2fc6510fe668493fe6a6ed6c61e03fea88f0ef6b",
                "shasum": ""
            },
            "require": {
                "php": ">=5.3.3"
            },
            "type": "library",
            "extra": {
                "branch-alias": {
                    "dev-master": "1.0-dev"
                }
            },
            "autoload": {
                "psr-4": {
                    "Symfony\\Polyfill\\Php54\\": ""
                },
                "files": [
                    "bootstrap.php"
                ],
                "classmap": [
                    "Resources/stubs"
                ]
            },
            "notification-url": "https://packagist.org/downloads/",
            "license": [
                "MIT"
            ],
            "authors": [
                {
                    "name": "Nicolas Grekas",
                    "email": "p@tchwork.com"
                },
                {
                    "name": "Symfony Community",
                    "homepage": "https://symfony.com/contributors"
                }
            ],
            "description": "Symfony polyfill backporting some PHP 5.4+ features to lower PHP versions",
            "homepage": "https://symfony.com",
            "keywords": [
                "compatibility",
                "polyfill",
                "portable",
                "shim"
            ],
            "time": "2016-01-13 07:16:33"
        },
        {
            "name": "symfony/polyfill-php55",
            "version": "dev-master",
            "source": {
                "type": "git",
                "url": "https://github.com/symfony/polyfill-php55.git",
                "reference": "3bd7c6c6fe7cfa07d1df9aaef799c559433a23ac"
            },
            "dist": {
                "type": "zip",
                "url": "https://api.github.com/repos/symfony/polyfill-php55/zipball/3bd7c6c6fe7cfa07d1df9aaef799c559433a23ac",
                "reference": "3bd7c6c6fe7cfa07d1df9aaef799c559433a23ac",
                "shasum": ""
            },
            "require": {
                "ircmaxell/password-compat": "~1.0",
                "php": ">=5.3.3"
            },
            "type": "library",
            "extra": {
                "branch-alias": {
                    "dev-master": "1.0-dev"
                }
            },
            "autoload": {
                "psr-4": {
                    "Symfony\\Polyfill\\Php55\\": ""
                },
                "files": [
                    "bootstrap.php"
                ]
            },
            "notification-url": "https://packagist.org/downloads/",
            "license": [
                "MIT"
            ],
            "authors": [
                {
                    "name": "Nicolas Grekas",
                    "email": "p@tchwork.com"
                },
                {
                    "name": "Symfony Community",
                    "homepage": "https://symfony.com/contributors"
                }
            ],
            "description": "Symfony polyfill backporting some PHP 5.5+ features to lower PHP versions",
            "homepage": "https://symfony.com",
            "keywords": [
                "compatibility",
                "polyfill",
                "portable",
                "shim"
            ],
            "time": "2016-01-13 07:16:33"
        }
    ],
    "packages-dev": [
        {
            "name": "symfony/var-dumper",
            "version": "dev-master",
            "source": {
                "type": "git",
                "url": "https://github.com/symfony/var-dumper.git",
                "reference": "c6c8f6195ee77f4e89cafa94f2dc738314349b88"
            },
            "dist": {
                "type": "zip",
                "url": "https://api.github.com/repos/symfony/var-dumper/zipball/c6c8f6195ee77f4e89cafa94f2dc738314349b88",
                "reference": "c6c8f6195ee77f4e89cafa94f2dc738314349b88",
                "shasum": ""
            },
            "require": {
                "php": ">=5.5.9",
                "symfony/polyfill-mbstring": "~1.0"
            },
            "require-dev": {
                "twig/twig": "~1.20|~2.0"
            },
            "suggest": {
                "ext-symfony_debug": ""
            },
            "type": "library",
            "extra": {
                "branch-alias": {
                    "dev-master": "3.1-dev"
                }
            },
            "autoload": {
                "files": [
                    "Resources/functions/dump.php"
                ],
                "psr-4": {
                    "Symfony\\Component\\VarDumper\\": ""
                },
                "exclude-from-classmap": [
                    "/Tests/"
                ]
            },
            "notification-url": "https://packagist.org/downloads/",
            "license": [
                "MIT"
            ],
            "authors": [
                {
                    "name": "Nicolas Grekas",
                    "email": "p@tchwork.com"
                },
                {
                    "name": "Symfony Community",
                    "homepage": "https://symfony.com/contributors"
                }
            ],
            "description": "Symfony mechanism for exploring and dumping PHP variables",
            "homepage": "https://symfony.com",
            "keywords": [
                "debug",
                "dump"
            ],
            "time": "2016-01-14 09:13:44"
        }
    ],
    "aliases": [],
    "minimum-stability": "dev",
    "stability-flags": [],
    "prefer-stable": false,
    "prefer-lowest": false,
    "platform": [],
    "platform-dev": []
}
